
Microsoft Visual Studio Solution File, Format Version 12.00
Project("{FAE04EC0-301F-11D3-BF4B-00C04F79EFBC}") = "FinancialAppBack.Api", "FinancialAppBack.Api\FinancialAppBack.Api.csproj", "{EF076D02-D7C8-4FA5-B8D2-40B97B9A3275}"
EndProject
Project("{FAE04EC0-301F-11D3-BF4B-00C04F79EFBC}") = "FinancialAppBack.Infrastructure", "FinancialAppBack.Infrastructure\FinancialAppBack.Infrastructure.csproj", "{C9D44F30-ED1D-41AC-AFED-FB187FFE5D72}"
EndProject
Project("{FAE04EC0-301F-11D3-BF4B-00C04F79EFBC}") = "FinancialAppBack.Domain", "FinancialAppBack.Domain\FinancialAppBack.Domain.csproj", "{21FA5080-1BDA-4CFA-AAE7-A6E1353E1E55}"
EndProject
Project("{FAE04EC0-301F-11D3-BF4B-00C04F79EFBC}") = "FinancialAppBack.Application", "FinancialAppBack.Application\FinancialAppBack.Application.csproj", "{DD97A1EC-D211-4C75-B6CA-31386363FA22}"
EndProject
Global
	GlobalSection(SolutionConfigurationPlatforms) = preSolution
		Debug|Any CPU = Debug|Any CPU
		Release|Any CPU = Release|Any CPU
	EndGlobalSection
	GlobalSection(ProjectConfigurationPlatforms) = postSolution
		{EF076D02-D7C8-4FA5-B8D2-40B97B9A3275}.Debug|Any CPU.ActiveCfg = Debug|Any CPU
		{EF076D02-D7C8-4FA5-B8D2-40B97B9A3275}.Debug|Any CPU.Build.0 = Debug|Any CPU
		{EF076D02-D7C8-4FA5-B8D2-40B97B9A3275}.Release|Any CPU.ActiveCfg = Release|Any CPU
		{EF076D02-D7C8-4FA5-B8D2-40B97B9A3275}.Release|Any CPU.Build.0 = Release|Any CPU
		{C9D44F30-ED1D-41AC-AFED-FB187FFE5D72}.Debug|Any CPU.ActiveCfg = Debug|Any CPU
		{C9D44F30-ED1D-41AC-AFED-FB187FFE5D72}.Debug|Any CPU.Build.0 = Debug|Any CPU
		{C9D44F30-ED1D-41AC-AFED-FB187FFE5D72}.Release|Any CPU.ActiveCfg = Release|Any CPU
		{C9D44F30-ED1D-41AC-AFED-FB187FFE5D72}.Release|Any CPU.Build.0 = Release|Any CPU
		{21FA5080-1BDA-4CFA-AAE7-A6E1353E1E55}.Debug|Any CPU.ActiveCfg = Debug|Any CPU
		{21FA5080-1BDA-4CFA-AAE7-A6E1353E1E55}.Debug|Any CPU.Build.0 = Debug|Any CPU
		{21FA5080-1BDA-4CFA-AAE7-A6E1353E1E55}.Release|Any CPU.ActiveCfg = Release|Any CPU
		{21FA5080-1BDA-4CFA-AAE7-A6E1353E1E55}.Release|Any CPU.Build.0 = Release|Any CPU
		{DD97A1EC-D211-4C75-B6CA-31386363FA22}.Debug|Any CPU.ActiveCfg = Debug|Any CPU
		{DD97A1EC-D211-4C75-B6CA-31386363FA22}.Debug|Any CPU.Build.0 = Debug|Any CPU
		{DD97A1EC-D211-4C75-B6CA-31386363FA22}.Release|Any CPU.ActiveCfg = Release|Any CPU
		{DD97A1EC-D211-4C75-B6CA-31386363FA22}.Release|Any CPU.Build.0 = Release|Any CPU
	EndGlobalSection
EndGlobal
